// !$*UTF8*$!
{
	archiveVersion = 1;
	classes = {
	};
	objectVersion = 50;
	objects = {

/* Begin PBXBuildFile section */
		8942316F262DB2EC00AA65A7 /* Home.swift in Sources */ = {isa = PBXBuildFile; fileRef = 8942316E262DB2EC00AA65A7 /* Home.swift */; };
		89423172262DB39700AA65A7 /* Profile.swift in Sources */ = {isa = PBXBuildFile; fileRef = 89423171262DB39700AA65A7 /* Profile.swift */; };
		89423175262DB39D00AA65A7 /* Workout.swift in Sources */ = {isa = PBXBuildFile; fileRef = 89423174262DB39D00AA65A7 /* Workout.swift */; };
		89423178262DB3A100AA65A7 /* Diet.swift in Sources */ = {isa = PBXBuildFile; fileRef = 89423177262DB3A100AA65A7 /* Diet.swift */; };
		8942317B262DB3A600AA65A7 /* Rank.swift in Sources */ = {isa = PBXBuildFile; fileRef = 8942317A262DB3A600AA65A7 /* Rank.swift */; };
		89803F2D262DDF4500D4F7A8 /* OnWorkOut.swift in Sources */ = {isa = PBXBuildFile; fileRef = 89803F2C262DDF4500D4F7A8 /* OnWorkOut.swift */; };
		89803F3A262DEABC00D4F7A8 /* StopwatchManager.swift in Sources */ = {isa = PBXBuildFile; fileRef = 89803F39262DEABC00D4F7A8 /* StopwatchManager.swift */; };
		8984C482261EAA1A00B1474C /* Main.swift in Sources */ = {isa = PBXBuildFile; fileRef = 8984C481261EAA1A00B1474C /* Main.swift */; };
		89CFF1DC2619F81400182D1A /* Best_LifterApp.swift in Sources */ = {isa = PBXBuildFile; fileRef = 89CFF1DB2619F81400182D1A /* Best_LifterApp.swift */; };
		89CFF1DE2619F81400182D1A /* ContentView.swift in Sources */ = {isa = PBXBuildFile; fileRef = 89CFF1DD2619F81400182D1A /* ContentView.swift */; };
		89CFF1E02619F81500182D1A /* Assets.xcassets in Resources */ = {isa = PBXBuildFile; fileRef = 89CFF1DF2619F81500182D1A /* Assets.xcassets */; };
		89CFF1E32619F81500182D1A /* Preview Assets.xcassets in Resources */ = {isa = PBXBuildFile; fileRef = 89CFF1E22619F81500182D1A /* Preview Assets.xcassets */; };
		89CFF1E52619F81500182D1A /* Persistence.swift in Sources */ = {isa = PBXBuildFile; fileRef = 89CFF1E42619F81500182D1A /* Persistence.swift */; };
		89CFF1E82619F81500182D1A /* Best_Lifter.xcdatamodeld in Sources */ = {isa = PBXBuildFile; fileRef = 89CFF1E62619F81500182D1A /* Best_Lifter.xcdatamodeld */; };
/* End PBXBuildFile section */

/* Begin PBXFileReference section */
		8942316E262DB2EC00AA65A7 /* Home.swift */ = {isa = PBXFileReference; lastKnownFileType = sourcecode.swift; path = Home.swift; sourceTree = "<group>"; };
		89423171262DB39700AA65A7 /* Profile.swift */ = {isa = PBXFileReference; lastKnownFileType = sourcecode.swift; path = Profile.swift; sourceTree = "<group>"; };
		89423174262DB39D00AA65A7 /* Workout.swift */ = {isa = PBXFileReference; lastKnownFileType = sourcecode.swift; path = Workout.swift; sourceTree = "<group>"; };
		89423177262DB3A100AA65A7 /* Diet.swift */ = {isa = PBXFileReference; lastKnownFileType = sourcecode.swift; path = Diet.swift; sourceTree = "<group>"; };
		8942317A262DB3A600AA65A7 /* Rank.swift */ = {isa = PBXFileReference; lastKnownFileType = sourcecode.swift; path = Rank.swift; sourceTree = "<group>"; };
		89803F2C262DDF4500D4F7A8 /* OnWorkOut.swift */ = {isa = PBXFileReference; lastKnownFileType = sourcecode.swift; path = OnWorkOut.swift; sourceTree = "<group>"; };
		89803F39262DEABC00D4F7A8 /* StopwatchManager.swift */ = {isa = PBXFileReference; lastKnownFileType = sourcecode.swift; path = StopwatchManager.swift; sourceTree = "<group>"; };
		8984C481261EAA1A00B1474C /* Main.swift */ = {isa = PBXFileReference; lastKnownFileType = sourcecode.swift; path = Main.swift; sourceTree = "<group>"; };
		89CFF1D82619F81400182D1A /* Best Lifter.app */ = {isa = PBXFileReference; explicitFileType = wrapper.application; includeInIndex = 0; path = "Best Lifter.app"; sourceTree = BUILT_PRODUCTS_DIR; };
		89CFF1DB2619F81400182D1A /* Best_LifterApp.swift */ = {isa = PBXFileReference; lastKnownFileType = sourcecode.swift; path = Best_LifterApp.swift; sourceTree = "<group>"; };
		89CFF1DD2619F81400182D1A /* ContentView.swift */ = {isa = PBXFileReference; lastKnownFileType = sourcecode.swift; path = ContentView.swift; sourceTree = "<group>"; };
		89CFF1DF2619F81500182D1A /* Assets.xcassets */ = {isa = PBXFileReference; lastKnownFileType = folder.assetcatalog; path = Assets.xcassets; sourceTree = "<group>"; };
		89CFF1E22619F81500182D1A /* Preview Assets.xcassets */ = {isa = PBXFileReference; lastKnownFileType = folder.assetcatalog; path = "Preview Assets.xcassets"; sourceTree = "<group>"; };
		89CFF1E42619F81500182D1A /* Persistence.swift */ = {isa = PBXFileReference; lastKnownFileType = sourcecode.swift; path = Persistence.swift; sourceTree = "<group>"; };
		89CFF1E72619F81500182D1A /* Best_Lifter.xcdatamodel */ = {isa = PBXFileReference; lastKnownFileType = wrapper.xcdatamodel; path = Best_Lifter.xcdatamodel; sourceTree = "<group>"; };
		89CFF1E92619F81500182D1A /* Info.plist */ = {isa = PBXFileReference; lastKnownFileType = text.plist.xml; path = Info.plist; sourceTree = "<group>"; };
/* End PBXFileReference section */

/* Begin PBXFrameworksBuildPhase section */
		89CFF1D52619F81400182D1A /* Frameworks */ = {
			isa = PBXFrameworksBuildPhase;
			buildActionMask = 2147483647;
			files = (
			);
			runOnlyForDeploymentPostprocessing = 0;
		};
/* End PBXFrameworksBuildPhase section */

/* Begin PBXGroup section */
		89423180262DB4A400AA65A7 /* UI */ = {
			isa = PBXGroup;
			children = (
				8984C481261EAA1A00B1474C /* Main.swift */,
				8942316E262DB2EC00AA65A7 /* Home.swift */,
				89423171262DB39700AA65A7 /* Profile.swift */,
				89423174262DB39D00AA65A7 /* Workout.swift */,
				89423177262DB3A100AA65A7 /* Diet.swift */,
				8942317A262DB3A600AA65A7 /* Rank.swift */,
				89803F2C262DDF4500D4F7A8 /* OnWorkOut.swift */,
			);
			path = UI;
			sourceTree = "<group>";
		};
		89CFF1CF2619F81400182D1A = {
			isa = PBXGroup;
			children = (
				89CFF1DA2619F81400182D1A /* Best Lifter */,
				89CFF1D92619F81400182D1A /* Products */,
			);
			sourceTree = "<group>";
		};
		89CFF1D92619F81400182D1A /* Products */ = {
			isa = PBXGroup;
			children = (
				89CFF1D82619F81400182D1A /* Best Lifter.app */,
			);
			name = Products;
			sourceTree = "<group>";
		};
		89CFF1DA2619F81400182D1A /* Best Lifter */ = {
			isa = PBXGroup;
			children = (
				89423180262DB4A400AA65A7 /* UI */,
				89CFF1DB2619F81400182D1A /* Best_LifterApp.swift */,
				89CFF1DD2619F81400182D1A /* ContentView.swift */,
				89CFF1DF2619F81500182D1A /* Assets.xcassets */,
				89CFF1E42619F81500182D1A /* Persistence.swift */,
				89CFF1E92619F81500182D1A /* Info.plist */,
				89CFF1E62619F81500182D1A /* Best_Lifter.xcdatamodeld */,
				89CFF1E12619F81500182D1A /* Preview Content */,
				89803F39262DEABC00D4F7A8 /* StopwatchManager.swift */,
			);
			path = "Best Lifter";
			sourceTree = "<group>";
		};
		89CFF1E12619F81500182D1A /* Preview Content */ = {
			isa = PBXGroup;
			children = (
				89CFF1E22619F81500182D1A /* Preview Assets.xcassets */,
			);
			path = "Preview Content";
			sourceTree = "<group>";
		};
/* End PBXGroup section */

/* Begin PBXNativeTarget section */
		89CFF1D72619F81400182D1A /* Best Lifter */ = {
			isa = PBXNativeTarget;
			buildConfigurationList = 89CFF1EC2619F81500182D1A /* Build configuration list for PBXNativeTarget "Best Lifter" */;
			buildPhases = (
				89CFF1D42619F81400182D1A /* Sources */,
				89CFF1D52619F81400182D1A /* Frameworks */,
				89CFF1D62619F81400182D1A /* Resources */,
			);
			buildRules = (
			);
			dependencies = (
			);
			name = "Best Lifter";
			productName = "Best Lifter";
			productReference = 89CFF1D82619F81400182D1A /* Best Lifter.app */;
			productType = "com.apple.product-type.application";
		};
/* End PBXNativeTarget section */

/* Begin PBXProject section */
		89CFF1D02619F81400182D1A /* Project object */ = {
			isa = PBXProject;
			attributes = {
				LastSwiftUpdateCheck = 1240;
				LastUpgradeCheck = 1240;
				TargetAttributes = {
					89CFF1D72619F81400182D1A = {
						CreatedOnToolsVersion = 12.4;
					};
				};
			};
			buildConfigurationList = 89CFF1D32619F81400182D1A /* Build configuration list for PBXProject "Best Lifter" */;
			compatibilityVersion = "Xcode 9.3";
			developmentRegion = en;
			hasScannedForEncodings = 0;
			knownRegions = (
				en,
				Base,
			);
			mainGroup = 89CFF1CF2619F81400182D1A;
			productRefGroup = 89CFF1D92619F81400182D1A /* Products */;
			projectDirPath = "";
			projectRoot = "";
			targets = (
				89CFF1D72619F81400182D1A /* Best Lifter */,
			);
		};
/* End PBXProject section */

/* Begin PBXResourcesBuildPhase section */
		89CFF1D62619F81400182D1A /* Resources */ = {
			isa = PBXResourcesBuildPhase;
			buildActionMask = 2147483647;
			files = (
				89CFF1E32619F81500182D1A /* Preview Assets.xcassets in Resources */,
				89CFF1E02619F81500182D1A /* Assets.xcassets in Resources */,
			);
			runOnlyForDeploymentPostprocessing = 0;
		};
/* End PBXResourcesBuildPhase section */

/* Begin PBXSourcesBuildPhase section */
		89CFF1D42619F81400182D1A /* Sources */ = {
			isa = PBXSourcesBuildPhase;
			buildActionMask = 2147483647;
			files = (
				8984C482261EAA1A00B1474C /* Main.swift in Sources */,
				89CFF1E52619F81500182D1A /* Persistence.swift in Sources */,
				89CFF1DE2619F81400182D1A /* ContentView.swift in Sources */,
				8942317B262DB3A600AA65A7 /* Rank.swift in Sources */,
				89423175262DB39D00AA65A7 /* Workout.swift in Sources */,
				89803F3A262DEABC00D4F7A8 /* StopwatchManager.swift in Sources */,
				89423172262DB39700AA65A7 /* Profile.swift in Sources */,
				89803F2D262DDF4500D4F7A8 /* OnWorkOut.swift in Sources */,
				89CFF1DC2619F81400182D1A /* Best_LifterApp.swift in Sources */,
				89423178262DB3A100AA65A7 /* Diet.swift in Sources */,
				8942316F262DB2EC00AA65A7 /* Home.swift in Sources */,
				89CFF1E82619F81500182D1A /* Best_Lifter.xcdatamodeld in Sources */,
			);
			runOnlyForDeploymentPostprocessing = 0;
		};
/* End PBXSourcesBuildPhase section */

/* Begin XCBuildConfiguration section */
		89CFF1EA2619F81500182D1A /* Debug */ = {
			isa = XCBuildConfiguration;
			buildSettings = {
				ALWAYS_SEARCH_USER_PATHS = NO;
				CLANG_ANALYZER_NONNULL = YES;
				CLANG_ANALYZER_NUMBER_OBJECT_CONVERSION = YES_AGGRESSIVE;
				CLANG_CXX_LANGUAGE_STANDARD = "gnu++14";
				CLANG_CXX_LIBRARY = "libc++";
				CLANG_ENABLE_MODULES = YES;
				CLANG_ENABLE_OBJC_ARC = YES;
				CLANG_ENABLE_OBJC_WEAK = YES;
				CLANG_WARN_BLOCK_CAPTURE_AUTORELEASING = YES;
				CLANG_WARN_BOOL_CONVERSION = YES;
				CLANG_WARN_COMMA = YES;
				CLANG_WARN_CONSTANT_CONVERSION = YES;
				CLANG_WARN_DEPRECATED_OBJC_IMPLEMENTATIONS = YES;
				CLANG_WARN_DIRECT_OBJC_ISA_USAGE = YES_ERROR;
				CLANG_WARN_DOCUMENTATION_COMMENTS = YES;
				CLANG_WARN_EMPTY_BODY = YES;
				CLANG_WARN_ENUM_CONVERSION = YES;
				CLANG_WARN_INFINITE_RECURSION = YES;
				CLANG_WARN_INT_CONVERSION = YES;
				CLANG_WARN_NON_LITERAL_NULL_CONVERSION = YES;
				CLANG_WARN_OBJC_IMPLICIT_RETAIN_SELF = YES;
				CLANG_WARN_OBJC_LITERAL_CONVERSION = YES;
				CLANG_WARN_OBJC_ROOT_CLASS = YES_ERROR;
				CLANG_WARN_QUOTED_INCLUDE_IN_FRAMEWORK_HEADER = YES;
				CLANG_WARN_RANGE_LOOP_ANALYSIS = YES;
				CLANG_WARN_STRICT_PROTOTYPES = YES;
				CLANG_WARN_SUSPICIOUS_MOVE = YES;
				CLANG_WARN_UNGUARDED_AVAILABILITY = YES_AGGRESSIVE;
				CLANG_WARN_UNREACHABLE_CODE = YES;
				CLANG_WARN__DUPLICATE_METHOD_MATCH = YES;
				COPY_PHASE_STRIP = NO;
				DEBUG_INFORMATION_FORMAT = dwarf;
				ENABLE_STRICT_OBJC_MSGSEND = YES;
				ENABLE_TESTABILITY = YES;
				GCC_C_LANGUAGE_STANDARD = gnu11;
				GCC_DYNAMIC_NO_PIC = NO;
				GCC_NO_COMMON_BLOCKS = YES;
				GCC_OPTIMIZATION_LEVEL = 0;
				GCC_PREPROCESSOR_DEFINITIONS = (
					"DEBUG=1",
					"$(inherited)",
				);
				GCC_WARN_64_TO_32_BIT_CONVERSION = YES;
				GCC_WARN_ABOUT_RETURN_TYPE = YES_ERROR;
				GCC_WARN_UNDECLARED_SELECTOR = YES;
				GCC_WARN_UNINITIALIZED_AUTOS = YES_AGGRESSIVE;
				GCC_WARN_UNUSED_FUNCTION = YES;
				GCC_WARN_UNUSED_VARIABLE = YES;
				IPHONEOS_DEPLOYMENT_TARGET = 14.4;
				MTL_ENABLE_DEBUG_INFO = INCLUDE_SOURCE;
				MTL_FAST_MATH = YES;
				ONLY_ACTIVE_ARCH = YES;
				SDKROOT = iphoneos;
				SWIFT_ACTIVE_COMPILATION_CONDITIONS = DEBUG;
				SWIFT_OPTIMIZATION_LEVEL = "-Onone";
			};
			name = Debug;
		};
		89CFF1EB2619F81500182D1A /* Release */ = {
			isa = XCBuildConfiguration;
			buildSettings = {
				ALWAYS_SEARCH_USER_PATHS = NO;
				CLANG_ANALYZER_NONNULL = YES;
				CLANG_ANALYZER_NUMBER_OBJECT_CONVERSION = YES_AGGRESSIVE;
				CLANG_CXX_LANGUAGE_STANDARD = "gnu++14";
				CLANG_CXX_LIBRARY = "libc++";
				CLANG_ENABLE_MODULES = YES;
				CLANG_ENABLE_OBJC_ARC = YES;
				CLANG_ENABLE_OBJC_WEAK = YES;
				CLANG_WARN_BLOCK_CAPTURE_AUTORELEASING = YES;
				CLANG_WARN_BOOL_CONVERSION = YES;
				CLANG_WARN_COMMA = YES;
				CLANG_WARN_CONSTANT_CONVERSION = YES;
				CLANG_WARN_DEPRECATED_OBJC_IMPLEMENTATIONS = YES;
				CLANG_WARN_DIRECT_OBJC_ISA_USAGE = YES_ERROR;
				CLANG_WARN_DOCUMENTATION_COMMENTS = YES;
				CLANG_WARN_EMPTY_BODY = YES;
				CLANG_WARN_ENUM_CONVERSION = YES;
				CLANG_WARN_INFINITE_RECURSION = YES;
				CLANG_WARN_INT_CONVERSION = YES;
				CLANG_WARN_NON_LITERAL_NULL_CONVERSION = YES;
				CLANG_WARN_OBJC_IMPLICIT_RETAIN_SELF = YES;
				CLANG_WARN_OBJC_LITERAL_CONVERSION = YES;
				CLANG_WARN_OBJC_ROOT_CLASS = YES_ERROR;
				CLANG_WARN_QUOTED_INCLUDE_IN_FRAMEWORK_HEADER = YES;
				CLANG_WARN_RANGE_LOOP_ANALYSIS = YES;
				CLANG_WARN_STRICT_PROTOTYPES = YES;
				CLANG_WARN_SUSPICIOUS_MOVE = YES;
				CLANG_WARN_UNGUARDED_AVAILABILITY = YES_AGGRESSIVE;
				CLANG_WARN_UNREACHABLE_CODE = YES;
				CLANG_WARN__DUPLICATE_METHOD_MATCH = YES;
				COPY_PHASE_STRIP = NO;
				DEBUG_INFORMATION_FORMAT = "dwarf-with-dsym";
				ENABLE_NS_ASSERTIONS = NO;
				ENABLE_STRICT_OBJC_MSGSEND = YES;
				GCC_C_LANGUAGE_STANDARD = gnu11;
				GCC_NO_COMMON_BLOCKS = YES;
				GCC_WARN_64_TO_32_BIT_CONVERSION = YES;
				GCC_WARN_ABOUT_RETURN_TYPE = YES_ERROR;
				GCC_WARN_UNDECLARED_SELECTOR = YES;
				GCC_WARN_UNINITIALIZED_AUTOS = YES_AGGRESSIVE;
				GCC_WARN_UNUSED_FUNCTION = YES;
				GCC_WARN_UNUSED_VARIABLE = YES;
				IPHONEOS_DEPLOYMENT_TARGET = 14.4;
				MTL_ENABLE_DEBUG_INFO = NO;
				MTL_FAST_MATH = YES;
				SDKROOT = iphoneos;
				SWIFT_COMPILATION_MODE = wholemodule;
				SWIFT_OPTIMIZATION_LEVEL = "-O";
				VALIDATE_PRODUCT = YES;
			};
			name = Release;
		};
		89CFF1ED2619F81500182D1A /* Debug */ = {
			isa = XCBuildConfiguration;
			buildSettings = {
				ASSETCATALOG_COMPILER_APPICON_NAME = AppIcon;
				ASSETCATALOG_COMPILER_GLOBAL_ACCENT_COLOR_NAME = AccentColor;
				CODE_SIGN_STYLE = Automatic;
				DEVELOPMENT_ASSET_PATHS = "\"Best Lifter/Preview Content\"";
				DEVELOPMENT_TEAM = UYMD8GPDBW;
				ENABLE_PREVIEWS = YES;
				INFOPLIST_FILE = "Best Lifter/Info.plist";
				IPHONEOS_DEPLOYMENT_TARGET = 14.0;
				LD_RUNPATH_SEARCH_PATHS = (
					"$(inherited)",
					"@executable_path/Frameworks",
				);
				PRODUCT_BUNDLE_IDENTIFIER = "Suyeong.Best-Lifter";
				PRODUCT_NAME = "$(TARGET_NAME)";
				SWIFT_VERSION = 5.0;
				TARGETED_DEVICE_FAMILY = "1,2";
			};
			name = Debug;
		};
		89CFF1EE2619F81500182D1A /* Release */ = {
			isa = XCBuildConfiguration;
			buildSettings = {
				ASSETCATALOG_COMPILER_APPICON_NAME = AppIcon;
				ASSETCATALOG_COMPILER_GLOBAL_ACCENT_COLOR_NAME = AccentColor;
				CODE_SIGN_STYLE = Automatic;
				DEVELOPMENT_ASSET_PATHS = "\"Best Lifter/Preview Content\"";
				DEVELOPMENT_TEAM = UYMD8GPDBW;
				ENABLE_PREVIEWS = YES;
				INFOPLIST_FILE = "Best Lifter/Info.plist";
				IPHONEOS_DEPLOYMENT_TARGET = 14.0;
				LD_RUNPATH_SEARCH_PATHS = (
					"$(inherited)",
					"@executable_path/Frameworks",
				);
				PRODUCT_BUNDLE_IDENTIFIER = "Suyeong.Best-Lifter";
				PRODUCT_NAME = "$(TARGET_NAME)";
				SWIFT_VERSION = 5.0;
				TARGETED_DEVICE_FAMILY = "1,2";
			};
			name = Release;
		};
/* End XCBuildConfiguration section */

/* Begin XCConfigurationList section */
		89CFF1D32619F81400182D1A /* Build configuration list for PBXProject "Best Lifter" */ = {
			isa = XCConfigurationList;
			buildConfigurations = (
				89CFF1EA2619F81500182D1A /* Debug */,
				89CFF1EB2619F81500182D1A /* Release */,
			);
			defaultConfigurationIsVisible = 0;
			defaultConfigurationName = Release;
		};
		89CFF1EC2619F81500182D1A /* Build configuration list for PBXNativeTarget "Best Lifter" */ = {
			isa = XCConfigurationList;
			buildConfigurations = (
				89CFF1ED2619F81500182D1A /* Debug */,
				89CFF1EE2619F81500182D1A /* Release */,
			);
			defaultConfigurationIsVisible = 0;
			defaultConfigurationName = Release;
		};
/* End XCConfigurationList section */

/* Begin XCVersionGroup section */
		89CFF1E62619F81500182D1A /* Best_Lifter.xcdatamodeld */ = {
			isa = XCVersionGroup;
			children = (
				89CFF1E72619F81500182D1A /* Best_Lifter.xcdatamodel */,
			);
			currentVersion = 89CFF1E72619F81500182D1A /* Best_Lifter.xcdatamodel */;
			path = Best_Lifter.xcdatamodeld;
			sourceTree = "<group>";
			versionGroupType = wrapper.xcdatamodel;
		};
/* End XCVersionGroup section */
	};
	rootObject = 89CFF1D02619F81400182D1A /* Project object */;
}
